
Microsoft Visual Studio Solution File, Format Version 12.00
# Visual Studio 15
VisualStudioVersion = 15.0.27004.2002
MinimumVisualStudioVersion = 10.0.40219.1
Project("{FAE04EC0-301F-11D3-BF4B-00C04F79EFBC}") = "Milestone3", "Milestone3\Milestone3.csproj", "{6A6779FD-40A5-4D05-88FF-2B2AB9580873}"
EndProject
Global
	GlobalSection(SolutionConfigurationPlatforms) = preSolution
		Debug|Any CPU = Debug|Any CPU
		Release|Any CPU = Release|Any CPU
	EndGlobalSection
	GlobalSection(ProjectConfigurationPlatforms) = postSolution
		{6A6779FD-40A5-4D05-88FF-2B2AB9580873}.Debug|Any CPU.ActiveCfg = Debug|Any CPU
		{6A6779FD-40A5-4D05-88FF-2B2AB9580873}.Debug|Any CPU.Build.0 = Debug|Any CPU
		{6A6779FD-40A5-4D05-88FF-2B2AB9580873}.Release|Any CPU.ActiveCfg = Release|Any CPU
		{6A6779FD-40A5-4D05-88FF-2B2AB9580873}.Release|Any CPU.Build.0 = Release|Any CPU
	EndGlobalSection
	GlobalSection(SolutionProperties) = preSolution
		HideSolutionNode = FALSE
	EndGlobalSection
	GlobalSection(ExtensibilityGlobals) = postSolution
		SolutionGuid = {7D5233D4-B0D1-451A-85EA-EE617B61B31B}
	EndGlobalSection
EndGlobal
